
Microsoft Visual Studio Solution File, Format Version 12.00
Project("{2150E333-8FDC-42A3-9474-1A3956D46DE8}") = "RoomSensors", "RoomSensors", "{3E0B42F4-9F44-46C0-9682-10D73B1614A9}"
EndProject
Project("{2150E333-8FDC-42A3-9474-1A3956D46DE8}") = "source", "source", "{82DFC509-1AFD-47EC-AAA4-FD54DFF2DDC1}"
EndProject
Project("{2150E333-8FDC-42A3-9474-1A3956D46DE8}") = "tests", "tests", "{F50A12F8-FE9F-445E-BBDC-BB4E97F3CA56}"
EndProject
Project("{FAE04EC0-301F-11D3-BF4B-00C04F79EFBC}") = "SensorService.Web", "source\SensorService\SensorService.Web\SensorService.Web.csproj", "{E5EE2D1A-F20F-449C-BF02-C6CDE5AC1421}"
EndProject
Project("{FAE04EC0-301F-11D3-BF4B-00C04F79EFBC}") = "SensorService.Contracts", "source\SensorService\SensorService.Contracts\SensorService.Contracts.csproj", "{B18F0F17-EDF5-4342-A6AB-B46027A2C6BD}"
EndProject
Project("{FAE04EC0-301F-11D3-BF4B-00C04F79EFBC}") = "SensorService.Services", "source\SensorService\SensorService.Services\SensorService.Services.csproj", "{4CEC8875-87DC-42F4-B611-16A96511D5AD}"
EndProject
Project("{FAE04EC0-301F-11D3-BF4B-00C04F79EFBC}") = "SensorService.Entities", "source\SensorService\SensorService.Entities\SensorService.Entities.csproj", "{67A0447B-428B-40FA-BFCD-520ECC54BAFE}"
EndProject
Project("{FAE04EC0-301F-11D3-BF4B-00C04F79EFBC}") = "SensorService.DataAccess", "source\SensorService\SensorService.DataAccess\SensorService.DataAccess.csproj", "{1678F897-7799-484F-A916-CF83428C7CDF}"
EndProject
Project("{FAE04EC0-301F-11D3-BF4B-00C04F79EFBC}") = "SensorService.Services.Tests", "tests\SensorService\SensorService.Services.Tests\SensorService.Services.Tests.csproj", "{77941A8E-6BB5-4ADD-A25C-81234ADD9FAD}"
EndProject
Global
	GlobalSection(SolutionConfigurationPlatforms) = preSolution
		Debug|Any CPU = Debug|Any CPU
		Release|Any CPU = Release|Any CPU
	EndGlobalSection
	GlobalSection(ProjectConfigurationPlatforms) = postSolution
		{E5EE2D1A-F20F-449C-BF02-C6CDE5AC1421}.Debug|Any CPU.ActiveCfg = Debug|Any CPU
		{E5EE2D1A-F20F-449C-BF02-C6CDE5AC1421}.Debug|Any CPU.Build.0 = Debug|Any CPU
		{E5EE2D1A-F20F-449C-BF02-C6CDE5AC1421}.Release|Any CPU.ActiveCfg = Release|Any CPU
		{E5EE2D1A-F20F-449C-BF02-C6CDE5AC1421}.Release|Any CPU.Build.0 = Release|Any CPU
		{B18F0F17-EDF5-4342-A6AB-B46027A2C6BD}.Debug|Any CPU.ActiveCfg = Debug|Any CPU
		{B18F0F17-EDF5-4342-A6AB-B46027A2C6BD}.Debug|Any CPU.Build.0 = Debug|Any CPU
		{B18F0F17-EDF5-4342-A6AB-B46027A2C6BD}.Release|Any CPU.ActiveCfg = Release|Any CPU
		{B18F0F17-EDF5-4342-A6AB-B46027A2C6BD}.Release|Any CPU.Build.0 = Release|Any CPU
		{4CEC8875-87DC-42F4-B611-16A96511D5AD}.Debug|Any CPU.ActiveCfg = Debug|Any CPU
		{4CEC8875-87DC-42F4-B611-16A96511D5AD}.Debug|Any CPU.Build.0 = Debug|Any CPU
		{4CEC8875-87DC-42F4-B611-16A96511D5AD}.Release|Any CPU.ActiveCfg = Release|Any CPU
		{4CEC8875-87DC-42F4-B611-16A96511D5AD}.Release|Any CPU.Build.0 = Release|Any CPU
		{67A0447B-428B-40FA-BFCD-520ECC54BAFE}.Debug|Any CPU.ActiveCfg = Debug|Any CPU
		{67A0447B-428B-40FA-BFCD-520ECC54BAFE}.Debug|Any CPU.Build.0 = Debug|Any CPU
		{67A0447B-428B-40FA-BFCD-520ECC54BAFE}.Release|Any CPU.ActiveCfg = Release|Any CPU
		{67A0447B-428B-40FA-BFCD-520ECC54BAFE}.Release|Any CPU.Build.0 = Release|Any CPU
		{1678F897-7799-484F-A916-CF83428C7CDF}.Debug|Any CPU.ActiveCfg = Debug|Any CPU
		{1678F897-7799-484F-A916-CF83428C7CDF}.Debug|Any CPU.Build.0 = Debug|Any CPU
		{1678F897-7799-484F-A916-CF83428C7CDF}.Release|Any CPU.ActiveCfg = Release|Any CPU
		{1678F897-7799-484F-A916-CF83428C7CDF}.Release|Any CPU.Build.0 = Release|Any CPU
		{77941A8E-6BB5-4ADD-A25C-81234ADD9FAD}.Debug|Any CPU.ActiveCfg = Debug|Any CPU
		{77941A8E-6BB5-4ADD-A25C-81234ADD9FAD}.Debug|Any CPU.Build.0 = Debug|Any CPU
		{77941A8E-6BB5-4ADD-A25C-81234ADD9FAD}.Release|Any CPU.ActiveCfg = Release|Any CPU
		{77941A8E-6BB5-4ADD-A25C-81234ADD9FAD}.Release|Any CPU.Build.0 = Release|Any CPU
	EndGlobalSection
	GlobalSection(NestedProjects) = preSolution
		{F50A12F8-FE9F-445E-BBDC-BB4E97F3CA56} = {3E0B42F4-9F44-46C0-9682-10D73B1614A9}
		{77941A8E-6BB5-4ADD-A25C-81234ADD9FAD} = {F50A12F8-FE9F-445E-BBDC-BB4E97F3CA56}
		{82DFC509-1AFD-47EC-AAA4-FD54DFF2DDC1} = {3E0B42F4-9F44-46C0-9682-10D73B1614A9}
		{B18F0F17-EDF5-4342-A6AB-B46027A2C6BD} = {82DFC509-1AFD-47EC-AAA4-FD54DFF2DDC1}
		{1678F897-7799-484F-A916-CF83428C7CDF} = {82DFC509-1AFD-47EC-AAA4-FD54DFF2DDC1}
		{67A0447B-428B-40FA-BFCD-520ECC54BAFE} = {82DFC509-1AFD-47EC-AAA4-FD54DFF2DDC1}
		{4CEC8875-87DC-42F4-B611-16A96511D5AD} = {82DFC509-1AFD-47EC-AAA4-FD54DFF2DDC1}
		{E5EE2D1A-F20F-449C-BF02-C6CDE5AC1421} = {82DFC509-1AFD-47EC-AAA4-FD54DFF2DDC1}
	EndGlobalSection
EndGlobal
